{
  "name": "purescript-intro-exercise1",
  "version": "1.0.0",
  "lockfileVersion": 1,
  "requires": true,
  "dependencies": {
    "bower": {
      "version": "1.8.0",
      "resolved": "https://registry.npmjs.org/bower/-/bower-1.8.0.tgz",
      "integrity": "sha1-Vdvr7wrZFVOC2enT5JfBNyNFtEo="
    },
    "moment": {
      "version": "2.29.4",
      "resolved": "https://registry.npmjs.org/moment/-/moment-2.29.4.tgz",
      "integrity": "sha512-5LC9SOxjSc2HF6vO2CyuTDNivEdoz2IvyJJGj6X8DJ0eFyfszE0QiEd+iXmBvUP3WHxSjFH/vIsA0EN00cgr8w=="
    },
    "preact": {
      "version": "8.2.1",
      "resolved": "https://registry.npmjs.org/preact/-/preact-8.2.1.tgz",
      "integrity": "sha1-Z0JD3wyEeITQGYNARKovzTEecu0="
    },
    "preact-compat": {
      "version": "3.16.0",
      "resolved": "https://registry.npmjs.org/preact-compat/-/preact-compat-3.16.0.tgz",
      "integrity": "sha1-zyvBsvj8oUkA1oCU+eELizKcxB4="
    },
    "purescript": {
      "version": "0.11.6",
      "resolved": "https://registry.npmjs.org/purescript/-/purescript-0.11.6.tgz",
      "integrity": "sha512-KTZpBWMkyTnovshWrqwvAJGLTdQ+X/bdDulyyWkZgbukSUKbLG7mzJgl2+EXiZMBBrqe3NDJQgiDSOnqxsab6Q=="
    },
    "purescript-psa": {
      "version": "0.5.1",
      "resolved": "https://registry.npmjs.org/purescript-psa/-/purescript-psa-0.5.1.tgz",
      "integrity": "sha1-LkNe7yK9L1froYLL/xIAIsoPJl8="
    },
    "purs-loader": {
      "version": "3.0.0",
      "resolved": "https://registry.npmjs.org/purs-loader/-/purs-loader-3.0.0.tgz",
      "integrity": "sha1-BEAkPzmoAoYVJN57NLtic/L2bro="
    },
    "rimraf": {
      "version": "2.6.1",
      "resolved": "https://registry.npmjs.org/rimraf/-/rimraf-2.6.1.tgz",
      "integrity": "sha1-wjOOxkPfeht/5cVPqG9XQopV8z0=",
      "dependencies": {
        "glob": {
          "version": "7.1.2",
          "resolved": "https://registry.npmjs.org/glob/-/glob-7.1.2.tgz",
          "integrity": "sha512-MJTUg1kjuLeQCJ+ccE4Vpa6kKVXkPYJ2mOCQyUuKLcLQsdrMCpBPUi8qVE6+YuaJkozeA9NusTAw3hLr8Xe5EQ=="
        }
      }
    },
    "serve": {
      "version": "5.2.4",
      "resolved": "https://registry.npmjs.org/serve/-/serve-5.2.4.tgz",
      "integrity": "sha1-R0LAX2WiMw94jN3pAc16CbI6mfY=",
      "dependencies": {
        "path-type": {
          "version": "2.0.0",
          "resolved": "https://registry.npmjs.org/path-type/-/path-type-2.0.0.tgz",
          "integrity": "sha1-8BLMuEFbcJb8LaoQVMPXI4lZTHM="
        }
      }
    },
    "webpack": {
      "version": "2.7.0",
      "resolved": "https://registry.npmjs.org/webpack/-/webpack-2.7.0.tgz",
      "integrity": "sha512-MjAA0ZqO1ba7ZQJRnoCdbM56mmFpipOPUv/vQpwwfSI42p5PVDdoiuK2AL2FwFUVgT859Jr43bFZXRg/LNsqvg==",
      "dependencies": {
        "async": {
          "version": "2.5.0",
          "resolved": "https://registry.npmjs.org/async/-/async-2.5.0.tgz",
          "integrity": "sha512-e+lJAJeNWuPCNyxZKOBdaJGyLGHugXVQtrAwtuAe2vhxTYxFTKE73p8JuTmdH0qdQZtDvI4dhJwjZc5zsfIsYw=="
        },
        "camelcase": {
          "version": "3.0.0",
          "resolved": "https://registry.npmjs.org/camelcase/-/camelcase-3.0.0.tgz",
          "integrity": "sha1-MvxLn82vhF/N9+c7uXysImHwqwo="
        },
        "cliui": {
          "version": "3.2.0",
          "resolved": "https://registry.npmjs.org/cliui/-/cliui-3.2.0.tgz",
          "integrity": "sha1-EgYBU3qRbSmUD5NNo7SNWFo5IT0="
        },
        "is-fullwidth-code-point": {
          "version": "1.0.0",
          "resolved": "https://registry.npmjs.org/is-fullwidth-code-point/-/is-fullwidth-code-point-1.0.0.tgz",
          "integrity": "sha1-754xOG8DGn8NZDr4L95QxFfvAMs="
        },
        "loader-utils": {
          "version": "0.2.17",
          "resolved": "https://registry.npmjs.org/loader-utils/-/loader-utils-0.2.17.tgz",
          "integrity": "sha1-+G5jdNQyBabmxg6RlvF8Apm/s0g="
        },
        "source-map": {
          "version": "0.5.6",
          "resolved": "https://registry.npmjs.org/source-map/-/source-map-0.5.6.tgz",
          "integrity": "sha1-dc449SvwczxafwwRjYEzSiu19BI="
        },
        "string-width": {
          "version": "1.0.2",
          "resolved": "https://registry.npmjs.org/string-width/-/string-width-1.0.2.tgz",
          "integrity": "sha1-EYvfW4zcUaKn5w0hHgfisLmxB9M="
        },
        "supports-color": {
          "version": "3.2.3",
          "resolved": "https://registry.npmjs.org/supports-color/-/supports-color-3.2.3.tgz",
          "integrity": "sha1-ZawFBLOVQXHYpklGsq48u4pfVPY="
        },
        "yargs": {
          "version": "6.6.0",
          "resolved": "https://registry.npmjs.org/yargs/-/yargs-6.6.0.tgz",
          "integrity": "sha1-eC7CHvQDNF+DCoCMo9UTr1YGUgg="
        }
      }
    },
    "webpack-dev-server": {
      "version": "2.6.1",
      "resolved": "https://registry.npmjs.org/webpack-dev-server/-/webpack-dev-server-2.6.1.tgz",
      "integrity": "sha1-Cykqnaltr4CmWYj2n4e0Fm5d7+c=",
      "dependencies": {
        "camelcase": {
          "version": "3.0.0",
          "resolved": "https://registry.npmjs.org/camelcase/-/camelcase-3.0.0.tgz",
          "integrity": "sha1-MvxLn82vhF/N9+c7uXysImHwqwo="
        },
        "cliui": {
          "version": "3.2.0",
          "resolved": "https://registry.npmjs.org/cliui/-/cliui-3.2.0.tgz",
          "integrity": "sha1-EgYBU3qRbSmUD5NNo7SNWFo5IT0="
        },
        "is-fullwidth-code-point": {
          "version": "1.0.0",
          "resolved": "https://registry.npmjs.org/is-fullwidth-code-point/-/is-fullwidth-code-point-1.0.0.tgz",
          "integrity": "sha1-754xOG8DGn8NZDr4L95QxFfvAMs="
        },
        "opn": {
          "version": "4.0.2",
          "resolved": "https://registry.npmjs.org/opn/-/opn-4.0.2.tgz",
          "integrity": "sha1-erwi5kTf9jsKltWrfyeQwPAavJU="
        },
        "string-width": {
          "version": "1.0.2",
          "resolved": "https://registry.npmjs.org/string-width/-/string-width-1.0.2.tgz",
          "integrity": "sha1-EYvfW4zcUaKn5w0hHgfisLmxB9M="
        },
        "supports-color": {
          "version": "3.2.3",
          "resolved": "https://registry.npmjs.org/supports-color/-/supports-color-3.2.3.tgz",
          "integrity": "sha1-ZawFBLOVQXHYpklGsq48u4pfVPY="
        },
        "yargs": {
          "version": "6.6.0",
          "resolved": "https://registry.npmjs.org/yargs/-/yargs-6.6.0.tgz",
          "integrity": "sha1-eC7CHvQDNF+DCoCMo9UTr1YGUgg="
        }
      }
    },
    "webpack-node-externals": {
      "version": "1.6.0",
      "resolved": "https://registry.npmjs.org/webpack-node-externals/-/webpack-node-externals-1.6.0.tgz",
      "integrity": "sha1-Iyxi7GCSsQBjWj0p2DwXRxKN+b0="
    },
    "xhr2": {
      "version": "0.1.4",
      "resolved": "https://registry.npmjs.org/xhr2/-/xhr2-0.1.4.tgz",
      "integrity": "sha1-f4dliEdxbbUCYyOBL4GMras4el8="
    }
  }
}
